// !$*UTF8*$!
{
	archiveVersion = 1;
	classes = {
	};
	objectVersion = 56;
	objects = {

/* Begin PBXBuildFile section */
		34633FE42CD271BA00D94485 /* LiveAnimationApp.swift in Sources */ = {isa = PBXBuildFile; fileRef = 34633FE32CD271BA00D94485 /* LiveAnimationApp.swift */; };
		34633FE62CD271BA00D94485 /* ContentView.swift in Sources */ = {isa = PBXBuildFile; fileRef = 34633FE52CD271BA00D94485 /* ContentView.swift */; };
		34633FE82CD271BB00D94485 /* Assets.xcassets in Resources */ = {isa = PBXBuildFile; fileRef = 34633FE72CD271BB00D94485 /* Assets.xcassets */; };
		34633FEB2CD271BB00D94485 /* Preview Assets.xcassets in Resources */ = {isa = PBXBuildFile; fileRef = 34633FEA2CD271BB00D94485 /* Preview Assets.xcassets */; };
		34633FF22CD2761E00D94485 /* CustomAnimation.swift in Sources */ = {isa = PBXBuildFile; fileRef = 34633FF12CD2761E00D94485 /* CustomAnimation.swift */; };
		34633FF42CD2769400D94485 /* MovimentGecko.swift in Sources */ = {isa = PBXBuildFile; fileRef = 34633FF32CD2769400D94485 /* MovimentGecko.swift */; };
		34633FF62CD279AA00D94485 /* RepeatForever.swift in Sources */ = {isa = PBXBuildFile; fileRef = 34633FF52CD279AA00D94485 /* RepeatForever.swift */; };
		34633FFA2CD28E8000D94485 /* AnimatedProperties.swift in Sources */ = {isa = PBXBuildFile; fileRef = 34633FF92CD28E8000D94485 /* AnimatedProperties.swift */; };
		34633FFC2CD28F1800D94485 /* DragAndOther.swift in Sources */ = {isa = PBXBuildFile; fileRef = 34633FFB2CD28F1800D94485 /* DragAndOther.swift */; };
		34633FFE2CD2A5E300D94485 /* Textboucing.swift in Sources */ = {isa = PBXBuildFile; fileRef = 34633FFD2CD2A5E300D94485 /* Textboucing.swift */; };
/* End PBXBuildFile section */

/* Begin PBXFileReference section */
		34633FE02CD271BA00D94485 /* LiveAnimation.app */ = {isa = PBXFileReference; explicitFileType = wrapper.application; includeInIndex = 0; path = LiveAnimation.app; sourceTree = BUILT_PRODUCTS_DIR; };
		34633FE32CD271BA00D94485 /* LiveAnimationApp.swift */ = {isa = PBXFileReference; lastKnownFileType = sourcecode.swift; path = LiveAnimationApp.swift; sourceTree = "<group>"; };
		34633FE52CD271BA00D94485 /* ContentView.swift */ = {isa = PBXFileReference; lastKnownFileType = sourcecode.swift; path = ContentView.swift; sourceTree = "<group>"; };
		34633FE72CD271BB00D94485 /* Assets.xcassets */ = {isa = PBXFileReference; lastKnownFileType = folder.assetcatalog; path = Assets.xcassets; sourceTree = "<group>"; };
		34633FEA2CD271BB00D94485 /* Preview Assets.xcassets */ = {isa = PBXFileReference; lastKnownFileType = folder.assetcatalog; path = "Preview Assets.xcassets"; sourceTree = "<group>"; };
		34633FF12CD2761E00D94485 /* CustomAnimation.swift */ = {isa = PBXFileReference; lastKnownFileType = sourcecode.swift; path = CustomAnimation.swift; sourceTree = "<group>"; };
		34633FF32CD2769400D94485 /* MovimentGecko.swift */ = {isa = PBXFileReference; lastKnownFileType = sourcecode.swift; path = MovimentGecko.swift; sourceTree = "<group>"; };
		34633FF52CD279AA00D94485 /* RepeatForever.swift */ = {isa = PBXFileReference; lastKnownFileType = sourcecode.swift; path = RepeatForever.swift; sourceTree = "<group>"; };
		34633FF92CD28E8000D94485 /* AnimatedProperties.swift */ = {isa = PBXFileReference; lastKnownFileType = sourcecode.swift; path = AnimatedProperties.swift; sourceTree = "<group>"; };
		34633FFB2CD28F1800D94485 /* DragAndOther.swift */ = {isa = PBXFileReference; lastKnownFileType = sourcecode.swift; path = DragAndOther.swift; sourceTree = "<group>"; };
		34633FFD2CD2A5E300D94485 /* Textboucing.swift */ = {isa = PBXFileReference; lastKnownFileType = sourcecode.swift; path = Textboucing.swift; sourceTree = "<group>"; };
/* End PBXFileReference section */

/* Begin PBXFrameworksBuildPhase section */
		34633FDD2CD271BA00D94485 /* Frameworks */ = {
			isa = PBXFrameworksBuildPhase;
			buildActionMask = 2147483647;
			files = (
			);
			runOnlyForDeploymentPostprocessing = 0;
		};
/* End PBXFrameworksBuildPhase section */

/* Begin PBXGroup section */
		34633FD72CD271BA00D94485 = {
			isa = PBXGroup;
			children = (
				34633FE22CD271BA00D94485 /* LiveAnimation */,
				34633FE12CD271BA00D94485 /* Products */,
			);
			sourceTree = "<group>";
		};
		34633FE12CD271BA00D94485 /* Products */ = {
			isa = PBXGroup;
			children = (
				34633FE02CD271BA00D94485 /* LiveAnimation.app */,
			);
			name = Products;
			sourceTree = "<group>";
		};
		34633FE22CD271BA00D94485 /* LiveAnimation */ = {
			isa = PBXGroup;
			children = (
				34633FE32CD271BA00D94485 /* LiveAnimationApp.swift */,
				34633FE52CD271BA00D94485 /* ContentView.swift */,
				34633FF12CD2761E00D94485 /* CustomAnimation.swift */,
				34633FF32CD2769400D94485 /* MovimentGecko.swift */,
				34633FF52CD279AA00D94485 /* RepeatForever.swift */,
				34633FF92CD28E8000D94485 /* AnimatedProperties.swift */,
				34633FFB2CD28F1800D94485 /* DragAndOther.swift */,
				34633FFD2CD2A5E300D94485 /* Textboucing.swift */,
				34633FE72CD271BB00D94485 /* Assets.xcassets */,
				34633FE92CD271BB00D94485 /* Preview Content */,
			);
			path = LiveAnimation;
			sourceTree = "<group>";
		};
		34633FE92CD271BB00D94485 /* Preview Content */ = {
			isa = PBXGroup;
			children = (
				34633FEA2CD271BB00D94485 /* Preview Assets.xcassets */,
			);
			path = "Preview Content";
			sourceTree = "<group>";
		};
/* End PBXGroup section */

/* Begin PBXNativeTarget section */
		34633FDF2CD271BA00D94485 /* LiveAnimation */ = {
			isa = PBXNativeTarget;
			buildConfigurationList = 34633FEE2CD271BB00D94485 /* Build configuration list for PBXNativeTarget "LiveAnimation" */;
			buildPhases = (
				34633FDC2CD271BA00D94485 /* Sources */,
				34633FDD2CD271BA00D94485 /* Frameworks */,
				34633FDE2CD271BA00D94485 /* Resources */,
			);
			buildRules = (
			);
			dependencies = (
			);
			name = LiveAnimation;
			productName = LiveAnimation;
			productReference = 34633FE02CD271BA00D94485 /* LiveAnimation.app */;
			productType = "com.apple.product-type.application";
		};
/* End PBXNativeTarget section */

/* Begin PBXProject section */
		34633FD82CD271BA00D94485 /* Project object */ = {
			isa = PBXProject;
			attributes = {
				BuildIndependentTargetsInParallel = 1;
				LastSwiftUpdateCheck = 1540;
				LastUpgradeCheck = 1540;
				TargetAttributes = {
					34633FDF2CD271BA00D94485 = {
						CreatedOnToolsVersion = 15.4;
					};
				};
			};
			buildConfigurationList = 34633FDB2CD271BA00D94485 /* Build configuration list for PBXProject "LiveAnimation" */;
			compatibilityVersion = "Xcode 14.0";
			developmentRegion = en;
			hasScannedForEncodings = 0;
			knownRegions = (
				en,
				Base,
			);
			mainGroup = 34633FD72CD271BA00D94485;
			productRefGroup = 34633FE12CD271BA00D94485 /* Products */;
			projectDirPath = "";
			projectRoot = "";
			targets = (
				34633FDF2CD271BA00D94485 /* LiveAnimation */,
			);
		};
/* End PBXProject section */

/* Begin PBXResourcesBuildPhase section */
		34633FDE2CD271BA00D94485 /* Resources */ = {
			isa = PBXResourcesBuildPhase;
			buildActionMask = 2147483647;
			files = (
				34633FEB2CD271BB00D94485 /* Preview Assets.xcassets in Resources */,
				34633FE82CD271BB00D94485 /* Assets.xcassets in Resources */,
			);
			runOnlyForDeploymentPostprocessing = 0;
		};
/* End PBXResourcesBuildPhase section */

/* Begin PBXSourcesBuildPhase section */
		34633FDC2CD271BA00D94485 /* Sources */ = {
			isa = PBXSourcesBuildPhase;
			buildActionMask = 2147483647;
			files = (
				34633FFE2CD2A5E300D94485 /* Textboucing.swift in Sources */,
				34633FF62CD279AA00D94485 /* RepeatForever.swift in Sources */,
				34633FE62CD271BA00D94485 /* ContentView.swift in Sources */,
				34633FE42CD271BA00D94485 /* LiveAnimationApp.swift in Sources */,
				34633FFA2CD28E8000D94485 /* AnimatedProperties.swift in Sources */,
				34633FF42CD2769400D94485 /* MovimentGecko.swift in Sources */,
				34633FF22CD2761E00D94485 /* CustomAnimation.swift in Sources */,
				34633FFC2CD28F1800D94485 /* DragAndOther.swift in Sources */,
			);
			runOnlyForDeploymentPostprocessing = 0;
		};
/* End PBXSourcesBuildPhase section */

/* Begin XCBuildConfiguration section */
		34633FEC2CD271BB00D94485 /* Debug */ = {
			isa = XCBuildConfiguration;
			buildSettings = {
				ALWAYS_SEARCH_USER_PATHS = NO;
				ASSETCATALOG_COMPILER_GENERATE_SWIFT_ASSET_SYMBOL_EXTENSIONS = YES;
				CLANG_ANALYZER_NONNULL = YES;
				CLANG_ANALYZER_NUMBER_OBJECT_CONVERSION = YES_AGGRESSIVE;
				CLANG_CXX_LANGUAGE_STANDARD = "gnu++20";
				CLANG_ENABLE_MODULES = YES;
				CLANG_ENABLE_OBJC_ARC = YES;
				CLANG_ENABLE_OBJC_WEAK = YES;
				CLANG_WARN_BLOCK_CAPTURE_AUTORELEASING = YES;
				CLANG_WARN_BOOL_CONVERSION = YES;
				CLANG_WARN_COMMA = YES;
				CLANG_WARN_CONSTANT_CONVERSION = YES;
				CLANG_WARN_DEPRECATED_OBJC_IMPLEMENTATIONS = YES;
				CLANG_WARN_DIRECT_OBJC_ISA_USAGE = YES_ERROR;
				CLANG_WARN_DOCUMENTATION_COMMENTS = YES;
				CLANG_WARN_EMPTY_BODY = YES;
				CLANG_WARN_ENUM_CONVERSION = YES;
				CLANG_WARN_INFINITE_RECURSION = YES;
				CLANG_WARN_INT_CONVERSION = YES;
				CLANG_WARN_NON_LITERAL_NULL_CONVERSION = YES;
				CLANG_WARN_OBJC_IMPLICIT_RETAIN_SELF = YES;
				CLANG_WARN_OBJC_LITERAL_CONVERSION = YES;
				CLANG_WARN_OBJC_ROOT_CLASS = YES_ERROR;
				CLANG_WARN_QUOTED_INCLUDE_IN_FRAMEWORK_HEADER = YES;
				CLANG_WARN_RANGE_LOOP_ANALYSIS = YES;
				CLANG_WARN_STRICT_PROTOTYPES = YES;
				CLANG_WARN_SUSPICIOUS_MOVE = YES;
				CLANG_WARN_UNGUARDED_AVAILABILITY = YES_AGGRESSIVE;
				CLANG_WARN_UNREACHABLE_CODE = YES;
				CLANG_WARN__DUPLICATE_METHOD_MATCH = YES;
				COPY_PHASE_STRIP = NO;
				DEBUG_INFORMATION_FORMAT = dwarf;
				ENABLE_STRICT_OBJC_MSGSEND = YES;
				ENABLE_TESTABILITY = YES;
				ENABLE_USER_SCRIPT_SANDBOXING = YES;
				GCC_C_LANGUAGE_STANDARD = gnu17;
				GCC_DYNAMIC_NO_PIC = NO;
				GCC_NO_COMMON_BLOCKS = YES;
				GCC_OPTIMIZATION_LEVEL = 0;
				GCC_PREPROCESSOR_DEFINITIONS = (
					"DEBUG=1",
					"$(inherited)",
				);
				GCC_WARN_64_TO_32_BIT_CONVERSION = YES;
				GCC_WARN_ABOUT_RETURN_TYPE = YES_ERROR;
				GCC_WARN_UNDECLARED_SELECTOR = YES;
				GCC_WARN_UNINITIALIZED_AUTOS = YES_AGGRESSIVE;
				GCC_WARN_UNUSED_FUNCTION = YES;
				GCC_WARN_UNUSED_VARIABLE = YES;
				IPHONEOS_DEPLOYMENT_TARGET = 17.5;
				LOCALIZATION_PREFERS_STRING_CATALOGS = YES;
				MTL_ENABLE_DEBUG_INFO = INCLUDE_SOURCE;
				MTL_FAST_MATH = YES;
				ONLY_ACTIVE_ARCH = YES;
				SDKROOT = iphoneos;
				SWIFT_ACTIVE_COMPILATION_CONDITIONS = "DEBUG $(inherited)";
				SWIFT_OPTIMIZATION_LEVEL = "-Onone";
			};
			name = Debug;
		};
		34633FED2CD271BB00D94485 /* Release */ = {
			isa = XCBuildConfiguration;
			buildSettings = {
				ALWAYS_SEARCH_USER_PATHS = NO;
				ASSETCATALOG_COMPILER_GENERATE_SWIFT_ASSET_SYMBOL_EXTENSIONS = YES;
				CLANG_ANALYZER_NONNULL = YES;
				CLANG_ANALYZER_NUMBER_OBJECT_CONVERSION = YES_AGGRESSIVE;
				CLANG_CXX_LANGUAGE_STANDARD = "gnu++20";
				CLANG_ENABLE_MODULES = YES;
				CLANG_ENABLE_OBJC_ARC = YES;
				CLANG_ENABLE_OBJC_WEAK = YES;
				CLANG_WARN_BLOCK_CAPTURE_AUTORELEASING = YES;
				CLANG_WARN_BOOL_CONVERSION = YES;
				CLANG_WARN_COMMA = YES;
				CLANG_WARN_CONSTANT_CONVERSION = YES;
				CLANG_WARN_DEPRECATED_OBJC_IMPLEMENTATIONS = YES;
				CLANG_WARN_DIRECT_OBJC_ISA_USAGE = YES_ERROR;
				CLANG_WARN_DOCUMENTATION_COMMENTS = YES;
				CLANG_WARN_EMPTY_BODY = YES;
				CLANG_WARN_ENUM_CONVERSION = YES;
				CLANG_WARN_INFINITE_RECURSION = YES;
				CLANG_WARN_INT_CONVERSION = YES;
				CLANG_WARN_NON_LITERAL_NULL_CONVERSION = YES;
				CLANG_WARN_OBJC_IMPLICIT_RETAIN_SELF = YES;
				CLANG_WARN_OBJC_LITERAL_CONVERSION = YES;
				CLANG_WARN_OBJC_ROOT_CLASS = YES_ERROR;
				CLANG_WARN_QUOTED_INCLUDE_IN_FRAMEWORK_HEADER = YES;
				CLANG_WARN_RANGE_LOOP_ANALYSIS = YES;
				CLANG_WARN_STRICT_PROTOTYPES = YES;
				CLANG_WARN_SUSPICIOUS_MOVE = YES;
				CLANG_WARN_UNGUARDED_AVAILABILITY = YES_AGGRESSIVE;
				CLANG_WARN_UNREACHABLE_CODE = YES;
				CLANG_WARN__DUPLICATE_METHOD_MATCH = YES;
				COPY_PHASE_STRIP = NO;
				DEBUG_INFORMATION_FORMAT = "dwarf-with-dsym";
				ENABLE_NS_ASSERTIONS = NO;
				ENABLE_STRICT_OBJC_MSGSEND = YES;
				ENABLE_USER_SCRIPT_SANDBOXING = YES;
				GCC_C_LANGUAGE_STANDARD = gnu17;
				GCC_NO_COMMON_BLOCKS = YES;
				GCC_WARN_64_TO_32_BIT_CONVERSION = YES;
				GCC_WARN_ABOUT_RETURN_TYPE = YES_ERROR;
				GCC_WARN_UNDECLARED_SELECTOR = YES;
				GCC_WARN_UNINITIALIZED_AUTOS = YES_AGGRESSIVE;
				GCC_WARN_UNUSED_FUNCTION = YES;
				GCC_WARN_UNUSED_VARIABLE = YES;
				IPHONEOS_DEPLOYMENT_TARGET = 17.5;
				LOCALIZATION_PREFERS_STRING_CATALOGS = YES;
				MTL_ENABLE_DEBUG_INFO = NO;
				MTL_FAST_MATH = YES;
				SDKROOT = iphoneos;
				SWIFT_COMPILATION_MODE = wholemodule;
				VALIDATE_PRODUCT = YES;
			};
			name = Release;
		};
		34633FEF2CD271BB00D94485 /* Debug */ = {
			isa = XCBuildConfiguration;
			buildSettings = {
				ASSETCATALOG_COMPILER_APPICON_NAME = AppIcon;
				ASSETCATALOG_COMPILER_GLOBAL_ACCENT_COLOR_NAME = AccentColor;
				CODE_SIGN_STYLE = Automatic;
				CURRENT_PROJECT_VERSION = 1;
				DEVELOPMENT_ASSET_PATHS = "\"LiveAnimation/Preview Content\"";
				DEVELOPMENT_TEAM = MT4A7M75NC;
				ENABLE_PREVIEWS = YES;
				GENERATE_INFOPLIST_FILE = YES;
				INFOPLIST_KEY_UIApplicationSceneManifest_Generation = YES;
				INFOPLIST_KEY_UIApplicationSupportsIndirectInputEvents = YES;
				INFOPLIST_KEY_UILaunchScreen_Generation = YES;
				INFOPLIST_KEY_UISupportedInterfaceOrientations_iPad = "UIInterfaceOrientationPortrait UIInterfaceOrientationPortraitUpsideDown UIInterfaceOrientationLandscapeLeft UIInterfaceOrientationLandscapeRight";
				INFOPLIST_KEY_UISupportedInterfaceOrientations_iPhone = "UIInterfaceOrientationPortrait UIInterfaceOrientationLandscapeLeft UIInterfaceOrientationLandscapeRight";
				LD_RUNPATH_SEARCH_PATHS = (
					"$(inherited)",
					"@executable_path/Frameworks",
				);
				MARKETING_VERSION = 1.0;
				PRODUCT_BUNDLE_IDENTIFIER = Gecko.LiveAnimation;
				PRODUCT_NAME = "$(TARGET_NAME)";
				SWIFT_EMIT_LOC_STRINGS = YES;
				SWIFT_VERSION = 5.0;
				TARGETED_DEVICE_FAMILY = "1,2";
			};
			name = Debug;
		};
		34633FF02CD271BB00D94485 /* Release */ = {
			isa = XCBuildConfiguration;
			buildSettings = {
				ASSETCATALOG_COMPILER_APPICON_NAME = AppIcon;
				ASSETCATALOG_COMPILER_GLOBAL_ACCENT_COLOR_NAME = AccentColor;
				CODE_SIGN_STYLE = Automatic;
				CURRENT_PROJECT_VERSION = 1;
				DEVELOPMENT_ASSET_PATHS = "\"LiveAnimation/Preview Content\"";
				DEVELOPMENT_TEAM = MT4A7M75NC;
				ENABLE_PREVIEWS = YES;
				GENERATE_INFOPLIST_FILE = YES;
				INFOPLIST_KEY_UIApplicationSceneManifest_Generation = YES;
				INFOPLIST_KEY_UIApplicationSupportsIndirectInputEvents = YES;
				INFOPLIST_KEY_UILaunchScreen_Generation = YES;
				INFOPLIST_KEY_UISupportedInterfaceOrientations_iPad = "UIInterfaceOrientationPortrait UIInterfaceOrientationPortraitUpsideDown UIInterfaceOrientationLandscapeLeft UIInterfaceOrientationLandscapeRight";
				INFOPLIST_KEY_UISupportedInterfaceOrientations_iPhone = "UIInterfaceOrientationPortrait UIInterfaceOrientationLandscapeLeft UIInterfaceOrientationLandscapeRight";
				LD_RUNPATH_SEARCH_PATHS = (
					"$(inherited)",
					"@executable_path/Frameworks",
				);
				MARKETING_VERSION = 1.0;
				PRODUCT_BUNDLE_IDENTIFIER = Gecko.LiveAnimation;
				PRODUCT_NAME = "$(TARGET_NAME)";
				SWIFT_EMIT_LOC_STRINGS = YES;
				SWIFT_VERSION = 5.0;
				TARGETED_DEVICE_FAMILY = "1,2";
			};
			name = Release;
		};
/* End XCBuildConfiguration section */

/* Begin XCConfigurationList section */
		34633FDB2CD271BA00D94485 /* Build configuration list for PBXProject "LiveAnimation" */ = {
			isa = XCConfigurationList;
			buildConfigurations = (
				34633FEC2CD271BB00D94485 /* Debug */,
				34633FED2CD271BB00D94485 /* Release */,
			);
			defaultConfigurationIsVisible = 0;
			defaultConfigurationName = Release;
		};
		34633FEE2CD271BB00D94485 /* Build configuration list for PBXNativeTarget "LiveAnimation" */ = {
			isa = XCConfigurationList;
			buildConfigurations = (
				34633FEF2CD271BB00D94485 /* Debug */,
				34633FF02CD271BB00D94485 /* Release */,
			);
			defaultConfigurationIsVisible = 0;
			defaultConfigurationName = Release;
		};
/* End XCConfigurationList section */
	};
	rootObject = 34633FD82CD271BA00D94485 /* Project object */;
}
